
Microsoft Visual Studio Solution File, Format Version 12.00
# Visual Studio Version 17
VisualStudioVersion = 17.14.36212.18 d17.14
MinimumVisualStudioVersion = 10.0.40219.1
Project("{FAE04EC0-301F-11D3-BF4B-00C04F79EFBC}") = "MovieCatalog", "MovieCatalog.csproj", "{9B0D75A9-F319-43DD-9091-8AB12886847C}"
EndProject
Global
	GlobalSection(SolutionConfigurationPlatforms) = preSolution
		Debug|Any CPU = Debug|Any CPU
		Release|Any CPU = Release|Any CPU
	EndGlobalSection
	GlobalSection(ProjectConfigurationPlatforms) = postSolution
		{9B0D75A9-F319-43DD-9091-8AB12886847C}.Debug|Any CPU.ActiveCfg = Debug|Any CPU
		{9B0D75A9-F319-43DD-9091-8AB12886847C}.Debug|Any CPU.Build.0 = Debug|Any CPU
		{9B0D75A9-F319-43DD-9091-8AB12886847C}.Release|Any CPU.ActiveCfg = Release|Any CPU
		{9B0D75A9-F319-43DD-9091-8AB12886847C}.Release|Any CPU.Build.0 = Release|Any CPU
	EndGlobalSection
	GlobalSection(SolutionProperties) = preSolution
		HideSolutionNode = FALSE
	EndGlobalSection
	GlobalSection(ExtensibilityGlobals) = postSolution
		SolutionGuid = {448D1A26-41C0-40F4-A3A1-D7A5B2A4E9CB}
	EndGlobalSection
EndGlobal
